
Microsoft Visual Studio Solution File, Format Version 12.00
# Visual Studio Version 17
VisualStudioVersion = 17.2.32616.157
MinimumVisualStudioVersion = 10.0.40219.1
Project("{FAE04EC0-301F-11D3-BF4B-00C04F79EFBC}") = "Employeewage9", "Employeewage9\Employeewage9.csproj", "{39089CEB-C2C0-47BF-A00C-AD0A06D6760B}"
EndProject
Global
	GlobalSection(SolutionConfigurationPlatforms) = preSolution
		Debug|Any CPU = Debug|Any CPU
		Release|Any CPU = Release|Any CPU
	EndGlobalSection
	GlobalSection(ProjectConfigurationPlatforms) = postSolution
		{39089CEB-C2C0-47BF-A00C-AD0A06D6760B}.Debug|Any CPU.ActiveCfg = Debug|Any CPU
		{39089CEB-C2C0-47BF-A00C-AD0A06D6760B}.Debug|Any CPU.Build.0 = Debug|Any CPU
		{39089CEB-C2C0-47BF-A00C-AD0A06D6760B}.Release|Any CPU.ActiveCfg = Release|Any CPU
		{39089CEB-C2C0-47BF-A00C-AD0A06D6760B}.Release|Any CPU.Build.0 = Release|Any CPU
	EndGlobalSection
	GlobalSection(SolutionProperties) = preSolution
		HideSolutionNode = FALSE
	EndGlobalSection
	GlobalSection(ExtensibilityGlobals) = postSolution
		SolutionGuid = {FCB1EB6C-39EA-41F5-8303-3F75D09AB750}
	EndGlobalSection
EndGlobal
