
Microsoft Visual Studio Solution File, Format Version 12.00
# Visual Studio Version 17
VisualStudioVersion = 17.2.32616.157
MinimumVisualStudioVersion = 10.0.40219.1
Project("{FAE04EC0-301F-11D3-BF4B-00C04F79EFBC}") = "EmpCompanies", "EmpCompanies\EmpCompanies.csproj", "{0CA95576-7F87-4EAB-A34F-B7663878E221}"
EndProject
Global
	GlobalSection(SolutionConfigurationPlatforms) = preSolution
		Debug|Any CPU = Debug|Any CPU
		Release|Any CPU = Release|Any CPU
	EndGlobalSection
	GlobalSection(ProjectConfigurationPlatforms) = postSolution
		{0CA95576-7F87-4EAB-A34F-B7663878E221}.Debug|Any CPU.ActiveCfg = Debug|Any CPU
		{0CA95576-7F87-4EAB-A34F-B7663878E221}.Debug|Any CPU.Build.0 = Debug|Any CPU
		{0CA95576-7F87-4EAB-A34F-B7663878E221}.Release|Any CPU.ActiveCfg = Release|Any CPU
		{0CA95576-7F87-4EAB-A34F-B7663878E221}.Release|Any CPU.Build.0 = Release|Any CPU
	EndGlobalSection
	GlobalSection(SolutionProperties) = preSolution
		HideSolutionNode = FALSE
	EndGlobalSection
	GlobalSection(ExtensibilityGlobals) = postSolution
		SolutionGuid = {00F82A20-C5EA-4A50-9157-78C4DA59DF69}
	EndGlobalSection
EndGlobal
