
Microsoft Visual Studio Solution File, Format Version 12.00
# Visual Studio Version 17
VisualStudioVersion = 17.2.32616.157
MinimumVisualStudioVersion = 10.0.40219.1
Project("{FAE04EC0-301F-11D3-BF4B-00C04F79EFBC}") = "Empwage5", "Empwage5\Empwage5.csproj", "{AF8D8076-D602-4005-95DD-32E6EEE9685D}"
EndProject
Global
	GlobalSection(SolutionConfigurationPlatforms) = preSolution
		Debug|Any CPU = Debug|Any CPU
		Release|Any CPU = Release|Any CPU
	EndGlobalSection
	GlobalSection(ProjectConfigurationPlatforms) = postSolution
		{AF8D8076-D602-4005-95DD-32E6EEE9685D}.Debug|Any CPU.ActiveCfg = Debug|Any CPU
		{AF8D8076-D602-4005-95DD-32E6EEE9685D}.Debug|Any CPU.Build.0 = Debug|Any CPU
		{AF8D8076-D602-4005-95DD-32E6EEE9685D}.Release|Any CPU.ActiveCfg = Release|Any CPU
		{AF8D8076-D602-4005-95DD-32E6EEE9685D}.Release|Any CPU.Build.0 = Release|Any CPU
	EndGlobalSection
	GlobalSection(SolutionProperties) = preSolution
		HideSolutionNode = FALSE
	EndGlobalSection
	GlobalSection(ExtensibilityGlobals) = postSolution
		SolutionGuid = {1727D69D-DAA1-4D5B-8ECB-306B813A77C4}
	EndGlobalSection
EndGlobal
