
Microsoft Visual Studio Solution File, Format Version 12.00
# Visual Studio Version 17
VisualStudioVersion = 17.2.32616.157
MinimumVisualStudioVersion = 10.0.40219.1
Project("{FAE04EC0-301F-11D3-BF4B-00C04F79EFBC}") = "Dailywage2", "Dailywage2\Dailywage2.csproj", "{9F0376F6-BCEB-48DC-9F8A-465C7786ABD3}"
EndProject
Global
	GlobalSection(SolutionConfigurationPlatforms) = preSolution
		Debug|Any CPU = Debug|Any CPU
		Release|Any CPU = Release|Any CPU
	EndGlobalSection
	GlobalSection(ProjectConfigurationPlatforms) = postSolution
		{9F0376F6-BCEB-48DC-9F8A-465C7786ABD3}.Debug|Any CPU.ActiveCfg = Debug|Any CPU
		{9F0376F6-BCEB-48DC-9F8A-465C7786ABD3}.Debug|Any CPU.Build.0 = Debug|Any CPU
		{9F0376F6-BCEB-48DC-9F8A-465C7786ABD3}.Release|Any CPU.ActiveCfg = Release|Any CPU
		{9F0376F6-BCEB-48DC-9F8A-465C7786ABD3}.Release|Any CPU.Build.0 = Release|Any CPU
	EndGlobalSection
	GlobalSection(SolutionProperties) = preSolution
		HideSolutionNode = FALSE
	EndGlobalSection
	GlobalSection(ExtensibilityGlobals) = postSolution
		SolutionGuid = {664513AA-687A-4AA0-A29F-E52E426BBA40}
	EndGlobalSection
EndGlobal
